
Microsoft Visual Studio Solution File, Format Version 12.00
# Visual Studio Version 17
VisualStudioVersion = 17.0.31919.166
MinimumVisualStudioVersion = 10.0.40219.1
Project("{2150E333-8FDC-42A3-9474-1A3956D46DE8}") = "1. Enterprise Business Rules", "1. Enterprise Business Rules", "{787DA55F-95E8-47C8-89D8-70F253D5C4F3}"
EndProject
Project("{2150E333-8FDC-42A3-9474-1A3956D46DE8}") = "2. Application Business Rules", "2. Application Business Rules", "{113E5D75-3BA2-4D2E-BF73-CBCD19425087}"
EndProject
Project("{2150E333-8FDC-42A3-9474-1A3956D46DE8}") = "3. Interface Adapters", "3. Interface Adapters", "{9BBA211B-F197-4EAD-8ED2-AFF34130F923}"
EndProject
Project("{2150E333-8FDC-42A3-9474-1A3956D46DE8}") = "4. Frameworks And Drivers", "4. Frameworks And Drivers", "{AC2D09DA-D33A-431F-8380-3FC09C867633}"
EndProject
Project("{FAE04EC0-301F-11D3-BF4B-00C04F79EFBC}") = "UseCases", "UseCases\UseCases.csproj", "{1202D000-8056-4D05-A869-88FBCEA4B916}"
EndProject
Project("{FAE04EC0-301F-11D3-BF4B-00C04F79EFBC}") = "UseCasesDTOs", "UseCasesDTOs\UseCasesDTOs.csproj", "{264251D6-BF8E-46FD-9AA2-EC1EAC21DF69}"
EndProject
Project("{FAE04EC0-301F-11D3-BF4B-00C04F79EFBC}") = "UseCasesPorts", "UseCasesPorts\UseCasesPorts.csproj", "{4279C947-DC80-471A-A081-A909A0C0344D}"
EndProject
Project("{FAE04EC0-301F-11D3-BF4B-00C04F79EFBC}") = "Entities", "Entities\Entities.csproj", "{33BE2068-23DA-4903-AB67-AF137E0D17DD}"
EndProject
Project("{2150E333-8FDC-42A3-9474-1A3956D46DE8}") = "Gateways", "Gateways", "{755885AD-57F6-4E24-9600-FAA4903C58C9}"
EndProject
Project("{2150E333-8FDC-42A3-9474-1A3956D46DE8}") = "Presenters", "Presenters", "{1FDBA862-4F77-479B-8B79-5BCC65B5D456}"
EndProject
Project("{FAE04EC0-301F-11D3-BF4B-00C04F79EFBC}") = "Repositories.EFCore", "Repositories.EFCore\Repositories.EFCore.csproj", "{86578EBF-100C-4601-8E60-DF00D3D20394}"
EndProject
Project("{FAE04EC0-301F-11D3-BF4B-00C04F79EFBC}") = "IoC", "IoC\IoC.csproj", "{36A216F9-C5E7-45F9-9D5F-42EE066B9864}"
EndProject
Project("{FAE04EC0-301F-11D3-BF4B-00C04F79EFBC}") = "Presenters", "Presenters\Presenters.csproj", "{9EFD6D66-EF53-4EB8-ACAC-3D693DAC70DF}"
EndProject
Project("{FAE04EC0-301F-11D3-BF4B-00C04F79EFBC}") = "WebApi", "WebApi\WebApi.csproj", "{94751FE0-09CC-4BB7-A5C5-10C69C2FC523}"
EndProject
Project("{FAE04EC0-301F-11D3-BF4B-00C04F79EFBC}") = "WebExceptionPresenter", "WebExceptionPresenter\WebExceptionPresenter.csproj", "{ED838998-54A8-46EC-ADC1-8D0545E31D5D}"
EndProject
Global
	GlobalSection(SolutionConfigurationPlatforms) = preSolution
		Debug|Any CPU = Debug|Any CPU
		Release|Any CPU = Release|Any CPU
	EndGlobalSection
	GlobalSection(ProjectConfigurationPlatforms) = postSolution
		{1202D000-8056-4D05-A869-88FBCEA4B916}.Debug|Any CPU.ActiveCfg = Debug|Any CPU
		{1202D000-8056-4D05-A869-88FBCEA4B916}.Debug|Any CPU.Build.0 = Debug|Any CPU
		{1202D000-8056-4D05-A869-88FBCEA4B916}.Release|Any CPU.ActiveCfg = Release|Any CPU
		{1202D000-8056-4D05-A869-88FBCEA4B916}.Release|Any CPU.Build.0 = Release|Any CPU
		{264251D6-BF8E-46FD-9AA2-EC1EAC21DF69}.Debug|Any CPU.ActiveCfg = Debug|Any CPU
		{264251D6-BF8E-46FD-9AA2-EC1EAC21DF69}.Debug|Any CPU.Build.0 = Debug|Any CPU
		{264251D6-BF8E-46FD-9AA2-EC1EAC21DF69}.Release|Any CPU.ActiveCfg = Release|Any CPU
		{264251D6-BF8E-46FD-9AA2-EC1EAC21DF69}.Release|Any CPU.Build.0 = Release|Any CPU
		{4279C947-DC80-471A-A081-A909A0C0344D}.Debug|Any CPU.ActiveCfg = Debug|Any CPU
		{4279C947-DC80-471A-A081-A909A0C0344D}.Debug|Any CPU.Build.0 = Debug|Any CPU
		{4279C947-DC80-471A-A081-A909A0C0344D}.Release|Any CPU.ActiveCfg = Release|Any CPU
		{4279C947-DC80-471A-A081-A909A0C0344D}.Release|Any CPU.Build.0 = Release|Any CPU
		{33BE2068-23DA-4903-AB67-AF137E0D17DD}.Debug|Any CPU.ActiveCfg = Debug|Any CPU
		{33BE2068-23DA-4903-AB67-AF137E0D17DD}.Debug|Any CPU.Build.0 = Debug|Any CPU
		{33BE2068-23DA-4903-AB67-AF137E0D17DD}.Release|Any CPU.ActiveCfg = Release|Any CPU
		{33BE2068-23DA-4903-AB67-AF137E0D17DD}.Release|Any CPU.Build.0 = Release|Any CPU
		{86578EBF-100C-4601-8E60-DF00D3D20394}.Debug|Any CPU.ActiveCfg = Debug|Any CPU
		{86578EBF-100C-4601-8E60-DF00D3D20394}.Debug|Any CPU.Build.0 = Debug|Any CPU
		{86578EBF-100C-4601-8E60-DF00D3D20394}.Release|Any CPU.ActiveCfg = Release|Any CPU
		{86578EBF-100C-4601-8E60-DF00D3D20394}.Release|Any CPU.Build.0 = Release|Any CPU
		{36A216F9-C5E7-45F9-9D5F-42EE066B9864}.Debug|Any CPU.ActiveCfg = Debug|Any CPU
		{36A216F9-C5E7-45F9-9D5F-42EE066B9864}.Debug|Any CPU.Build.0 = Debug|Any CPU
		{36A216F9-C5E7-45F9-9D5F-42EE066B9864}.Release|Any CPU.ActiveCfg = Release|Any CPU
		{36A216F9-C5E7-45F9-9D5F-42EE066B9864}.Release|Any CPU.Build.0 = Release|Any CPU
		{9EFD6D66-EF53-4EB8-ACAC-3D693DAC70DF}.Debug|Any CPU.ActiveCfg = Debug|Any CPU
		{9EFD6D66-EF53-4EB8-ACAC-3D693DAC70DF}.Debug|Any CPU.Build.0 = Debug|Any CPU
		{9EFD6D66-EF53-4EB8-ACAC-3D693DAC70DF}.Release|Any CPU.ActiveCfg = Release|Any CPU
		{9EFD6D66-EF53-4EB8-ACAC-3D693DAC70DF}.Release|Any CPU.Build.0 = Release|Any CPU
		{94751FE0-09CC-4BB7-A5C5-10C69C2FC523}.Debug|Any CPU.ActiveCfg = Debug|Any CPU
		{94751FE0-09CC-4BB7-A5C5-10C69C2FC523}.Debug|Any CPU.Build.0 = Debug|Any CPU
		{94751FE0-09CC-4BB7-A5C5-10C69C2FC523}.Release|Any CPU.ActiveCfg = Release|Any CPU
		{94751FE0-09CC-4BB7-A5C5-10C69C2FC523}.Release|Any CPU.Build.0 = Release|Any CPU
		{ED838998-54A8-46EC-ADC1-8D0545E31D5D}.Debug|Any CPU.ActiveCfg = Debug|Any CPU
		{ED838998-54A8-46EC-ADC1-8D0545E31D5D}.Debug|Any CPU.Build.0 = Debug|Any CPU
		{ED838998-54A8-46EC-ADC1-8D0545E31D5D}.Release|Any CPU.ActiveCfg = Release|Any CPU
		{ED838998-54A8-46EC-ADC1-8D0545E31D5D}.Release|Any CPU.Build.0 = Release|Any CPU
	EndGlobalSection
	GlobalSection(SolutionProperties) = preSolution
		HideSolutionNode = FALSE
	EndGlobalSection
	GlobalSection(NestedProjects) = preSolution
		{1202D000-8056-4D05-A869-88FBCEA4B916} = {113E5D75-3BA2-4D2E-BF73-CBCD19425087}
		{264251D6-BF8E-46FD-9AA2-EC1EAC21DF69} = {113E5D75-3BA2-4D2E-BF73-CBCD19425087}
		{4279C947-DC80-471A-A081-A909A0C0344D} = {113E5D75-3BA2-4D2E-BF73-CBCD19425087}
		{33BE2068-23DA-4903-AB67-AF137E0D17DD} = {787DA55F-95E8-47C8-89D8-70F253D5C4F3}
		{755885AD-57F6-4E24-9600-FAA4903C58C9} = {9BBA211B-F197-4EAD-8ED2-AFF34130F923}
		{1FDBA862-4F77-479B-8B79-5BCC65B5D456} = {9BBA211B-F197-4EAD-8ED2-AFF34130F923}
		{86578EBF-100C-4601-8E60-DF00D3D20394} = {755885AD-57F6-4E24-9600-FAA4903C58C9}
		{36A216F9-C5E7-45F9-9D5F-42EE066B9864} = {755885AD-57F6-4E24-9600-FAA4903C58C9}
		{9EFD6D66-EF53-4EB8-ACAC-3D693DAC70DF} = {1FDBA862-4F77-479B-8B79-5BCC65B5D456}
		{94751FE0-09CC-4BB7-A5C5-10C69C2FC523} = {AC2D09DA-D33A-431F-8380-3FC09C867633}
		{ED838998-54A8-46EC-ADC1-8D0545E31D5D} = {1FDBA862-4F77-479B-8B79-5BCC65B5D456}
	EndGlobalSection
	GlobalSection(ExtensibilityGlobals) = postSolution
		SolutionGuid = {38858487-14B7-4681-8C18-1F7245339EC6}
	EndGlobalSection
EndGlobal
